
Microsoft Visual Studio Solution File, Format Version 12.00
# Visual Studio Version 17
VisualStudioVersion = 17.0.31903.59
MinimumVisualStudioVersion = 10.0.40219.1
Project("{9A19103F-16F7-4668-BE54-9A1E7A4F7556}") = "WebAPI", "WebAPI\WebAPI.csproj", "{5475C211-0556-4E31-ABF9-C5FECCC756F0}"
	ProjectSection(ProjectDependencies) = postProject
		{6ED92420-5C38-4495-A6B9-E4A09F89D308} = {6ED92420-5C38-4495-A6B9-E4A09F89D308}
	EndProjectSection
EndProject
Project("{9A19103F-16F7-4668-BE54-9A1E7A4F7556}") = "Base", "Base\Base.csproj", "{81B6AEBA-86DD-496F-AEF2-64E16A0E1EA5}"
EndProject
Project("{9A19103F-16F7-4668-BE54-9A1E7A4F7556}") = "Data", "Data\Data.csproj", "{6ED92420-5C38-4495-A6B9-E4A09F89D308}"
EndProject
Project("{9A19103F-16F7-4668-BE54-9A1E7A4F7556}") = "Business", "Business\Business.csproj", "{CC774C78-0C45-431B-863B-AACFBB2C91C5}"
EndProject
Project("{9A19103F-16F7-4668-BE54-9A1E7A4F7556}") = "Schema", "Schema\Schema.csproj", "{E53CF463-DAEC-485B-8CFB-C55D06288AAD}"
EndProject
Project("{FAE04EC0-301F-11D3-BF4B-00C04F79EFBC}") = "FileAPI", "FileAPI\FileAPI.csproj", "{ACDEEE7E-D9C7-4975-A651-C3AE64632AAB}"
EndProject
Global
	GlobalSection(SolutionConfigurationPlatforms) = preSolution
		Debug|Any CPU = Debug|Any CPU
		Release|Any CPU = Release|Any CPU
	EndGlobalSection
	GlobalSection(ProjectConfigurationPlatforms) = postSolution
		{5475C211-0556-4E31-ABF9-C5FECCC756F0}.Debug|Any CPU.ActiveCfg = Debug|Any CPU
		{5475C211-0556-4E31-ABF9-C5FECCC756F0}.Debug|Any CPU.Build.0 = Debug|Any CPU
		{5475C211-0556-4E31-ABF9-C5FECCC756F0}.Release|Any CPU.ActiveCfg = Release|Any CPU
		{5475C211-0556-4E31-ABF9-C5FECCC756F0}.Release|Any CPU.Build.0 = Release|Any CPU
		{81B6AEBA-86DD-496F-AEF2-64E16A0E1EA5}.Debug|Any CPU.ActiveCfg = Debug|Any CPU
		{81B6AEBA-86DD-496F-AEF2-64E16A0E1EA5}.Debug|Any CPU.Build.0 = Debug|Any CPU
		{81B6AEBA-86DD-496F-AEF2-64E16A0E1EA5}.Release|Any CPU.ActiveCfg = Release|Any CPU
		{81B6AEBA-86DD-496F-AEF2-64E16A0E1EA5}.Release|Any CPU.Build.0 = Release|Any CPU
		{6ED92420-5C38-4495-A6B9-E4A09F89D308}.Debug|Any CPU.ActiveCfg = Debug|Any CPU
		{6ED92420-5C38-4495-A6B9-E4A09F89D308}.Debug|Any CPU.Build.0 = Debug|Any CPU
		{6ED92420-5C38-4495-A6B9-E4A09F89D308}.Release|Any CPU.ActiveCfg = Release|Any CPU
		{6ED92420-5C38-4495-A6B9-E4A09F89D308}.Release|Any CPU.Build.0 = Release|Any CPU
		{CC774C78-0C45-431B-863B-AACFBB2C91C5}.Debug|Any CPU.ActiveCfg = Debug|Any CPU
		{CC774C78-0C45-431B-863B-AACFBB2C91C5}.Debug|Any CPU.Build.0 = Debug|Any CPU
		{CC774C78-0C45-431B-863B-AACFBB2C91C5}.Release|Any CPU.ActiveCfg = Release|Any CPU
		{CC774C78-0C45-431B-863B-AACFBB2C91C5}.Release|Any CPU.Build.0 = Release|Any CPU
		{E53CF463-DAEC-485B-8CFB-C55D06288AAD}.Debug|Any CPU.ActiveCfg = Debug|Any CPU
		{E53CF463-DAEC-485B-8CFB-C55D06288AAD}.Debug|Any CPU.Build.0 = Debug|Any CPU
		{E53CF463-DAEC-485B-8CFB-C55D06288AAD}.Release|Any CPU.ActiveCfg = Release|Any CPU
		{E53CF463-DAEC-485B-8CFB-C55D06288AAD}.Release|Any CPU.Build.0 = Release|Any CPU
		{ACDEEE7E-D9C7-4975-A651-C3AE64632AAB}.Debug|Any CPU.ActiveCfg = Debug|Any CPU
		{ACDEEE7E-D9C7-4975-A651-C3AE64632AAB}.Debug|Any CPU.Build.0 = Debug|Any CPU
		{ACDEEE7E-D9C7-4975-A651-C3AE64632AAB}.Release|Any CPU.ActiveCfg = Release|Any CPU
		{ACDEEE7E-D9C7-4975-A651-C3AE64632AAB}.Release|Any CPU.Build.0 = Release|Any CPU
	EndGlobalSection
	GlobalSection(SolutionProperties) = preSolution
		HideSolutionNode = FALSE
	EndGlobalSection
	GlobalSection(ExtensibilityGlobals) = postSolution
		SolutionGuid = {4891E0A8-3FD6-4394-ACA8-397B925724A6}
	EndGlobalSection
EndGlobal
